
Microsoft Visual Studio Solution File, Format Version 12.00
# Visual Studio Version 16
VisualStudioVersion = 16.0.28803.452
MinimumVisualStudioVersion = 10.0.40219.1
Project("{9A19103F-16F7-4668-BE54-9A1E7A4F7556}") = "PickerBot", "PickerBot\PickerBot.csproj", "{C1D7FCA3-720E-4005-9055-6B84196A0BD0}"
EndProject
Project("{FAE04EC0-301F-11D3-BF4B-00C04F79EFBC}") = "PickerBot.Tests", "PickerBot.Tests\PickerBot.Tests.csproj", "{746CE860-31CB-4C72-A663-E7B67E4285A2}"
EndProject
Global
	GlobalSection(SolutionConfigurationPlatforms) = preSolution
		Debug|Any CPU = Debug|Any CPU
		Release|Any CPU = Release|Any CPU
	EndGlobalSection
	GlobalSection(ProjectConfigurationPlatforms) = postSolution
		{C1D7FCA3-720E-4005-9055-6B84196A0BD0}.Debug|Any CPU.ActiveCfg = Debug|Any CPU
		{C1D7FCA3-720E-4005-9055-6B84196A0BD0}.Debug|Any CPU.Build.0 = Debug|Any CPU
		{C1D7FCA3-720E-4005-9055-6B84196A0BD0}.Release|Any CPU.ActiveCfg = Release|Any CPU
		{C1D7FCA3-720E-4005-9055-6B84196A0BD0}.Release|Any CPU.Build.0 = Release|Any CPU
		{746CE860-31CB-4C72-A663-E7B67E4285A2}.Debug|Any CPU.ActiveCfg = Debug|Any CPU
		{746CE860-31CB-4C72-A663-E7B67E4285A2}.Debug|Any CPU.Build.0 = Debug|Any CPU
		{746CE860-31CB-4C72-A663-E7B67E4285A2}.Release|Any CPU.ActiveCfg = Release|Any CPU
		{746CE860-31CB-4C72-A663-E7B67E4285A2}.Release|Any CPU.Build.0 = Release|Any CPU
	EndGlobalSection
	GlobalSection(SolutionProperties) = preSolution
		HideSolutionNode = FALSE
	EndGlobalSection
	GlobalSection(ExtensibilityGlobals) = postSolution
		SolutionGuid = {F2750E40-D1DD-4B84-982C-1B297FEC6938}
	EndGlobalSection
EndGlobal
